// !$*UTF8*$!
{
	archiveVersion = 1;
	classes = {
	};
	objectVersion = 50;
	objects = {

/* Begin PBXBuildFile section */
		59136643249D0B0B006DA401 /* AppDelegate.swift in Sources */ = {isa = PBXBuildFile; fileRef = 59136642249D0B0B006DA401 /* AppDelegate.swift */; };
		59136645249D0B0B006DA401 /* art.scnassets in Resources */ = {isa = PBXBuildFile; fileRef = 59136644249D0B0B006DA401 /* art.scnassets */; };
		5913664A249D0B0B006DA401 /* Main.storyboard in Resources */ = {isa = PBXBuildFile; fileRef = 59136648249D0B0B006DA401 /* Main.storyboard */; };
		5913664C249D0B15006DA401 /* Assets.xcassets in Resources */ = {isa = PBXBuildFile; fileRef = 5913664B249D0B15006DA401 /* Assets.xcassets */; };
		5913664F249D0B15006DA401 /* LaunchScreen.storyboard in Resources */ = {isa = PBXBuildFile; fileRef = 5913664D249D0B15006DA401 /* LaunchScreen.storyboard */; };
		5913665B249D0B5C006DA401 /* GameViewController.swift in Sources */ = {isa = PBXBuildFile; fileRef = 59136656249D0B5B006DA401 /* GameViewController.swift */; };
		5913665D249D0B5C006DA401 /* WritingViewController.swift in Sources */ = {isa = PBXBuildFile; fileRef = 59136658249D0B5C006DA401 /* WritingViewController.swift */; };
		5913665E249D0B5C006DA401 /* ExtensionGameVC.swift in Sources */ = {isa = PBXBuildFile; fileRef = 59136659249D0B5C006DA401 /* ExtensionGameVC.swift */; };
		5913665F249D0B5C006DA401 /* ExtensionWritingViewController.swift in Sources */ = {isa = PBXBuildFile; fileRef = 5913665A249D0B5C006DA401 /* ExtensionWritingViewController.swift */; };
		5913666B249D0BEC006DA401 /* CreateFile.swift in Sources */ = {isa = PBXBuildFile; fileRef = 59136665249D0BEC006DA401 /* CreateFile.swift */; };
		5913666C249D0BEC006DA401 /* Notification.swift in Sources */ = {isa = PBXBuildFile; fileRef = 59136666249D0BEC006DA401 /* Notification.swift */; };
		5913666D249D0BEC006DA401 /* LocalNotificationManager.swift in Sources */ = {isa = PBXBuildFile; fileRef = 59136667249D0BEC006DA401 /* LocalNotificationManager.swift */; };
		5913666E249D0BEC006DA401 /* RendererSettings.swift in Sources */ = {isa = PBXBuildFile; fileRef = 59136668249D0BEC006DA401 /* RendererSettings.swift */; };
		5913666F249D0BEC006DA401 /* SensorManager.swift in Sources */ = {isa = PBXBuildFile; fileRef = 59136669249D0BEC006DA401 /* SensorManager.swift */; };
		59136670249D0BEC006DA401 /* WritingBrain.swift in Sources */ = {isa = PBXBuildFile; fileRef = 5913666A249D0BEC006DA401 /* WritingBrain.swift */; };
		59136672249D1E2C006DA401 /* InitialViewController.swift in Sources */ = {isa = PBXBuildFile; fileRef = 59136661249D0B7F006DA401 /* InitialViewController.swift */; };
/* End PBXBuildFile section */

/* Begin PBXFileReference section */
		5913663F249D0B0B006DA401 /* Data Works.app */ = {isa = PBXFileReference; explicitFileType = wrapper.application; includeInIndex = 0; path = "Data Works.app"; sourceTree = BUILT_PRODUCTS_DIR; };
		59136642249D0B0B006DA401 /* AppDelegate.swift */ = {isa = PBXFileReference; lastKnownFileType = sourcecode.swift; path = AppDelegate.swift; sourceTree = "<group>"; };
		59136644249D0B0B006DA401 /* art.scnassets */ = {isa = PBXFileReference; lastKnownFileType = wrapper.scnassets; path = art.scnassets; sourceTree = "<group>"; };
		59136649249D0B0B006DA401 /* Base */ = {isa = PBXFileReference; lastKnownFileType = file.storyboard; name = Base; path = Base.lproj/Main.storyboard; sourceTree = "<group>"; };
		5913664B249D0B15006DA401 /* Assets.xcassets */ = {isa = PBXFileReference; lastKnownFileType = folder.assetcatalog; path = Assets.xcassets; sourceTree = "<group>"; };
		5913664E249D0B15006DA401 /* Base */ = {isa = PBXFileReference; lastKnownFileType = file.storyboard; name = Base; path = Base.lproj/LaunchScreen.storyboard; sourceTree = "<group>"; };
		59136650249D0B15006DA401 /* Info.plist */ = {isa = PBXFileReference; lastKnownFileType = text.plist.xml; path = Info.plist; sourceTree = "<group>"; };
		59136656249D0B5B006DA401 /* GameViewController.swift */ = {isa = PBXFileReference; fileEncoding = 4; lastKnownFileType = sourcecode.swift; path = GameViewController.swift; sourceTree = "<group>"; };
		59136658249D0B5C006DA401 /* WritingViewController.swift */ = {isa = PBXFileReference; fileEncoding = 4; lastKnownFileType = sourcecode.swift; path = WritingViewController.swift; sourceTree = "<group>"; };
		59136659249D0B5C006DA401 /* ExtensionGameVC.swift */ = {isa = PBXFileReference; fileEncoding = 4; lastKnownFileType = sourcecode.swift; path = ExtensionGameVC.swift; sourceTree = "<group>"; };
		5913665A249D0B5C006DA401 /* ExtensionWritingViewController.swift */ = {isa = PBXFileReference; fileEncoding = 4; lastKnownFileType = sourcecode.swift; path = ExtensionWritingViewController.swift; sourceTree = "<group>"; };
		59136661249D0B7F006DA401 /* InitialViewController.swift */ = {isa = PBXFileReference; lastKnownFileType = sourcecode.swift; path = InitialViewController.swift; sourceTree = "<group>"; };
		59136665249D0BEC006DA401 /* CreateFile.swift */ = {isa = PBXFileReference; fileEncoding = 4; lastKnownFileType = sourcecode.swift; path = CreateFile.swift; sourceTree = "<group>"; };
		59136666249D0BEC006DA401 /* Notification.swift */ = {isa = PBXFileReference; fileEncoding = 4; lastKnownFileType = sourcecode.swift; path = Notification.swift; sourceTree = "<group>"; };
		59136667249D0BEC006DA401 /* LocalNotificationManager.swift */ = {isa = PBXFileReference; fileEncoding = 4; lastKnownFileType = sourcecode.swift; path = LocalNotificationManager.swift; sourceTree = "<group>"; };
		59136668249D0BEC006DA401 /* RendererSettings.swift */ = {isa = PBXFileReference; fileEncoding = 4; lastKnownFileType = sourcecode.swift; path = RendererSettings.swift; sourceTree = "<group>"; };
		59136669249D0BEC006DA401 /* SensorManager.swift */ = {isa = PBXFileReference; fileEncoding = 4; lastKnownFileType = sourcecode.swift; path = SensorManager.swift; sourceTree = "<group>"; };
		5913666A249D0BEC006DA401 /* WritingBrain.swift */ = {isa = PBXFileReference; fileEncoding = 4; lastKnownFileType = sourcecode.swift; path = WritingBrain.swift; sourceTree = "<group>"; };
		59F47E2124A4545C00A68D0E /* README.md */ = {isa = PBXFileReference; lastKnownFileType = net.daringfireball.markdown; path = README.md; sourceTree = "<group>"; };
/* End PBXFileReference section */

/* Begin PBXFrameworksBuildPhase section */
		5913663C249D0B0B006DA401 /* Frameworks */ = {
			isa = PBXFrameworksBuildPhase;
			buildActionMask = 2147483647;
			files = (
			);
			runOnlyForDeploymentPostprocessing = 0;
		};
/* End PBXFrameworksBuildPhase section */

/* Begin PBXGroup section */
		59136636249D0B0B006DA401 = {
			isa = PBXGroup;
			children = (
				59F47E2124A4545C00A68D0E /* README.md */,
				59136641249D0B0B006DA401 /* Data Works */,
				59136640249D0B0B006DA401 /* Products */,
			);
			sourceTree = "<group>";
		};
		59136640249D0B0B006DA401 /* Products */ = {
			isa = PBXGroup;
			children = (
				5913663F249D0B0B006DA401 /* Data Works.app */,
			);
			name = Products;
			sourceTree = "<group>";
		};
		59136641249D0B0B006DA401 /* Data Works */ = {
			isa = PBXGroup;
			children = (
				59136671249D0BFD006DA401 /* Model */,
				59136660249D0B7F006DA401 /* Controller */,
				59136662249D0BB9006DA401 /* View */,
				59136650249D0B15006DA401 /* Info.plist */,
			);
			path = "Data Works";
			sourceTree = "<group>";
		};
		59136660249D0B7F006DA401 /* Controller */ = {
			isa = PBXGroup;
			children = (
				59136642249D0B0B006DA401 /* AppDelegate.swift */,
				59136661249D0B7F006DA401 /* InitialViewController.swift */,
				59136656249D0B5B006DA401 /* GameViewController.swift */,
				59136659249D0B5C006DA401 /* ExtensionGameVC.swift */,
				59136658249D0B5C006DA401 /* WritingViewController.swift */,
				5913665A249D0B5C006DA401 /* ExtensionWritingViewController.swift */,
			);
			path = Controller;
			sourceTree = "<group>";
		};
		59136662249D0BB9006DA401 /* View */ = {
			isa = PBXGroup;
			children = (
				59136644249D0B0B006DA401 /* art.scnassets */,
				5913664B249D0B15006DA401 /* Assets.xcassets */,
				59136648249D0B0B006DA401 /* Main.storyboard */,
				5913664D249D0B15006DA401 /* LaunchScreen.storyboard */,
			);
			path = View;
			sourceTree = "<group>";
		};
		59136671249D0BFD006DA401 /* Model */ = {
			isa = PBXGroup;
			children = (
				59136665249D0BEC006DA401 /* CreateFile.swift */,
				59136666249D0BEC006DA401 /* Notification.swift */,
				59136667249D0BEC006DA401 /* LocalNotificationManager.swift */,
				59136668249D0BEC006DA401 /* RendererSettings.swift */,
				59136669249D0BEC006DA401 /* SensorManager.swift */,
				5913666A249D0BEC006DA401 /* WritingBrain.swift */,
			);
			path = Model;
			sourceTree = "<group>";
		};
/* End PBXGroup section */

/* Begin PBXNativeTarget section */
		5913663E249D0B0B006DA401 /* Data Works */ = {
			isa = PBXNativeTarget;
			buildConfigurationList = 59136653249D0B15006DA401 /* Build configuration list for PBXNativeTarget "Data Works" */;
			buildPhases = (
				5913663B249D0B0B006DA401 /* Sources */,
				5913663C249D0B0B006DA401 /* Frameworks */,
				5913663D249D0B0B006DA401 /* Resources */,
			);
			buildRules = (
			);
			dependencies = (
			);
			name = "Data Works";
			productName = "Data Works";
			productReference = 5913663F249D0B0B006DA401 /* Data Works.app */;
			productType = "com.apple.product-type.application";
		};
/* End PBXNativeTarget section */

/* Begin PBXProject section */
		59136637249D0B0B006DA401 /* Project object */ = {
			isa = PBXProject;
			attributes = {
				LastSwiftUpdateCheck = 1150;
				LastUpgradeCheck = 1150;
				ORGANIZATIONNAME = Moazam;
				TargetAttributes = {
					5913663E249D0B0B006DA401 = {
						CreatedOnToolsVersion = 11.5;
					};
				};
			};
			buildConfigurationList = 5913663A249D0B0B006DA401 /* Build configuration list for PBXProject "Data Works" */;
			compatibilityVersion = "Xcode 9.3";
			developmentRegion = en;
			hasScannedForEncodings = 0;
			knownRegions = (
				en,
				Base,
			);
			mainGroup = 59136636249D0B0B006DA401;
			productRefGroup = 59136640249D0B0B006DA401 /* Products */;
			projectDirPath = "";
			projectRoot = "";
			targets = (
				5913663E249D0B0B006DA401 /* Data Works */,
			);
		};
/* End PBXProject section */

/* Begin PBXResourcesBuildPhase section */
		5913663D249D0B0B006DA401 /* Resources */ = {
			isa = PBXResourcesBuildPhase;
			buildActionMask = 2147483647;
			files = (
				59136645249D0B0B006DA401 /* art.scnassets in Resources */,
				5913664F249D0B15006DA401 /* LaunchScreen.storyboard in Resources */,
				5913664C249D0B15006DA401 /* Assets.xcassets in Resources */,
				5913664A249D0B0B006DA401 /* Main.storyboard in Resources */,
			);
			runOnlyForDeploymentPostprocessing = 0;
		};
/* End PBXResourcesBuildPhase section */

/* Begin PBXSourcesBuildPhase section */
		5913663B249D0B0B006DA401 /* Sources */ = {
			isa = PBXSourcesBuildPhase;
			buildActionMask = 2147483647;
			files = (
				5913665D249D0B5C006DA401 /* WritingViewController.swift in Sources */,
				5913666B249D0BEC006DA401 /* CreateFile.swift in Sources */,
				5913665E249D0B5C006DA401 /* ExtensionGameVC.swift in Sources */,
				59136672249D1E2C006DA401 /* InitialViewController.swift in Sources */,
				5913666C249D0BEC006DA401 /* Notification.swift in Sources */,
				59136670249D0BEC006DA401 /* WritingBrain.swift in Sources */,
				5913666E249D0BEC006DA401 /* RendererSettings.swift in Sources */,
				5913665B249D0B5C006DA401 /* GameViewController.swift in Sources */,
				5913665F249D0B5C006DA401 /* ExtensionWritingViewController.swift in Sources */,
				5913666F249D0BEC006DA401 /* SensorManager.swift in Sources */,
				5913666D249D0BEC006DA401 /* LocalNotificationManager.swift in Sources */,
				59136643249D0B0B006DA401 /* AppDelegate.swift in Sources */,
			);
			runOnlyForDeploymentPostprocessing = 0;
		};
/* End PBXSourcesBuildPhase section */

/* Begin PBXVariantGroup section */
		59136648249D0B0B006DA401 /* Main.storyboard */ = {
			isa = PBXVariantGroup;
			children = (
				59136649249D0B0B006DA401 /* Base */,
			);
			name = Main.storyboard;
			sourceTree = "<group>";
		};
		5913664D249D0B15006DA401 /* LaunchScreen.storyboard */ = {
			isa = PBXVariantGroup;
			children = (
				5913664E249D0B15006DA401 /* Base */,
			);
			name = LaunchScreen.storyboard;
			sourceTree = "<group>";
		};
/* End PBXVariantGroup section */

/* Begin XCBuildConfiguration section */
		59136651249D0B15006DA401 /* Debug */ = {
			isa = XCBuildConfiguration;
			buildSettings = {
				ALWAYS_SEARCH_USER_PATHS = NO;
				CLANG_ANALYZER_NONNULL = YES;
				CLANG_ANALYZER_NUMBER_OBJECT_CONVERSION = YES_AGGRESSIVE;
				CLANG_CXX_LANGUAGE_STANDARD = "gnu++14";
				CLANG_CXX_LIBRARY = "libc++";
				CLANG_ENABLE_MODULES = YES;
				CLANG_ENABLE_OBJC_ARC = YES;
				CLANG_ENABLE_OBJC_WEAK = YES;
				CLANG_WARN_BLOCK_CAPTURE_AUTORELEASING = YES;
				CLANG_WARN_BOOL_CONVERSION = YES;
				CLANG_WARN_COMMA = YES;
				CLANG_WARN_CONSTANT_CONVERSION = YES;
				CLANG_WARN_DEPRECATED_OBJC_IMPLEMENTATIONS = YES;
				CLANG_WARN_DIRECT_OBJC_ISA_USAGE = YES_ERROR;
				CLANG_WARN_DOCUMENTATION_COMMENTS = YES;
				CLANG_WARN_EMPTY_BODY = YES;
				CLANG_WARN_ENUM_CONVERSION = YES;
				CLANG_WARN_INFINITE_RECURSION = YES;
				CLANG_WARN_INT_CONVERSION = YES;
				CLANG_WARN_NON_LITERAL_NULL_CONVERSION = YES;
				CLANG_WARN_OBJC_IMPLICIT_RETAIN_SELF = YES;
				CLANG_WARN_OBJC_LITERAL_CONVERSION = YES;
				CLANG_WARN_OBJC_ROOT_CLASS = YES_ERROR;
				CLANG_WARN_RANGE_LOOP_ANALYSIS = YES;
				CLANG_WARN_STRICT_PROTOTYPES = YES;
				CLANG_WARN_SUSPICIOUS_MOVE = YES;
				CLANG_WARN_UNGUARDED_AVAILABILITY = YES_AGGRESSIVE;
				CLANG_WARN_UNREACHABLE_CODE = YES;
				CLANG_WARN__DUPLICATE_METHOD_MATCH = YES;
				COPY_PHASE_STRIP = NO;
				DEBUG_INFORMATION_FORMAT = dwarf;
				ENABLE_STRICT_OBJC_MSGSEND = YES;
				ENABLE_TESTABILITY = YES;
				GCC_C_LANGUAGE_STANDARD = gnu11;
				GCC_DYNAMIC_NO_PIC = NO;
				GCC_NO_COMMON_BLOCKS = YES;
				GCC_OPTIMIZATION_LEVEL = 0;
				GCC_PREPROCESSOR_DEFINITIONS = (
					"DEBUG=1",
					"$(inherited)",
				);
				GCC_WARN_64_TO_32_BIT_CONVERSION = YES;
				GCC_WARN_ABOUT_RETURN_TYPE = YES_ERROR;
				GCC_WARN_UNDECLARED_SELECTOR = YES;
				GCC_WARN_UNINITIALIZED_AUTOS = YES_AGGRESSIVE;
				GCC_WARN_UNUSED_FUNCTION = YES;
				GCC_WARN_UNUSED_VARIABLE = YES;
				IPHONEOS_DEPLOYMENT_TARGET = 13.5;
				MTL_ENABLE_DEBUG_INFO = INCLUDE_SOURCE;
				MTL_FAST_MATH = YES;
				ONLY_ACTIVE_ARCH = YES;
				SDKROOT = iphoneos;
				SWIFT_ACTIVE_COMPILATION_CONDITIONS = DEBUG;
				SWIFT_OPTIMIZATION_LEVEL = "-Onone";
			};
			name = Debug;
		};
		59136652249D0B15006DA401 /* Release */ = {
			isa = XCBuildConfiguration;
			buildSettings = {
				ALWAYS_SEARCH_USER_PATHS = NO;
				CLANG_ANALYZER_NONNULL = YES;
				CLANG_ANALYZER_NUMBER_OBJECT_CONVERSION = YES_AGGRESSIVE;
				CLANG_CXX_LANGUAGE_STANDARD = "gnu++14";
				CLANG_CXX_LIBRARY = "libc++";
				CLANG_ENABLE_MODULES = YES;
				CLANG_ENABLE_OBJC_ARC = YES;
				CLANG_ENABLE_OBJC_WEAK = YES;
				CLANG_WARN_BLOCK_CAPTURE_AUTORELEASING = YES;
				CLANG_WARN_BOOL_CONVERSION = YES;
				CLANG_WARN_COMMA = YES;
				CLANG_WARN_CONSTANT_CONVERSION = YES;
				CLANG_WARN_DEPRECATED_OBJC_IMPLEMENTATIONS = YES;
				CLANG_WARN_DIRECT_OBJC_ISA_USAGE = YES_ERROR;
				CLANG_WARN_DOCUMENTATION_COMMENTS = YES;
				CLANG_WARN_EMPTY_BODY = YES;
				CLANG_WARN_ENUM_CONVERSION = YES;
				CLANG_WARN_INFINITE_RECURSION = YES;
				CLANG_WARN_INT_CONVERSION = YES;
				CLANG_WARN_NON_LITERAL_NULL_CONVERSION = YES;
				CLANG_WARN_OBJC_IMPLICIT_RETAIN_SELF = YES;
				CLANG_WARN_OBJC_LITERAL_CONVERSION = YES;
				CLANG_WARN_OBJC_ROOT_CLASS = YES_ERROR;
				CLANG_WARN_RANGE_LOOP_ANALYSIS = YES;
				CLANG_WARN_STRICT_PROTOTYPES = YES;
				CLANG_WARN_SUSPICIOUS_MOVE = YES;
				CLANG_WARN_UNGUARDED_AVAILABILITY = YES_AGGRESSIVE;
				CLANG_WARN_UNREACHABLE_CODE = YES;
				CLANG_WARN__DUPLICATE_METHOD_MATCH = YES;
				COPY_PHASE_STRIP = NO;
				DEBUG_INFORMATION_FORMAT = "dwarf-with-dsym";
				ENABLE_NS_ASSERTIONS = NO;
				ENABLE_STRICT_OBJC_MSGSEND = YES;
				GCC_C_LANGUAGE_STANDARD = gnu11;
				GCC_NO_COMMON_BLOCKS = YES;
				GCC_WARN_64_TO_32_BIT_CONVERSION = YES;
				GCC_WARN_ABOUT_RETURN_TYPE = YES_ERROR;
				GCC_WARN_UNDECLARED_SELECTOR = YES;
				GCC_WARN_UNINITIALIZED_AUTOS = YES_AGGRESSIVE;
				GCC_WARN_UNUSED_FUNCTION = YES;
				GCC_WARN_UNUSED_VARIABLE = YES;
				IPHONEOS_DEPLOYMENT_TARGET = 13.5;
				MTL_ENABLE_DEBUG_INFO = NO;
				MTL_FAST_MATH = YES;
				SDKROOT = iphoneos;
				SWIFT_COMPILATION_MODE = wholemodule;
				SWIFT_OPTIMIZATION_LEVEL = "-O";
				VALIDATE_PRODUCT = YES;
			};
			name = Release;
		};
		59136654249D0B15006DA401 /* Debug */ = {
			isa = XCBuildConfiguration;
			buildSettings = {
				ASSETCATALOG_COMPILER_APPICON_NAME = AppIcon;
				CODE_SIGN_STYLE = Automatic;
				DEVELOPMENT_TEAM = 3VZWRDD4TX;
				INFOPLIST_FILE = "Data Works/Info.plist";
				IPHONEOS_DEPLOYMENT_TARGET = 13.3;
				LD_RUNPATH_SEARCH_PATHS = (
					"$(inherited)",
					"@executable_path/Frameworks",
				);
				PRODUCT_BUNDLE_IDENTIFIER = "com.mozz.Data-Works";
				PRODUCT_NAME = "$(TARGET_NAME)";
				SWIFT_VERSION = 5.0;
				TARGETED_DEVICE_FAMILY = "1,2";
			};
			name = Debug;
		};
		59136655249D0B15006DA401 /* Release */ = {
			isa = XCBuildConfiguration;
			buildSettings = {
				ASSETCATALOG_COMPILER_APPICON_NAME = AppIcon;
				CODE_SIGN_STYLE = Automatic;
				DEVELOPMENT_TEAM = 3VZWRDD4TX;
				INFOPLIST_FILE = "Data Works/Info.plist";
				IPHONEOS_DEPLOYMENT_TARGET = 13.3;
				LD_RUNPATH_SEARCH_PATHS = (
					"$(inherited)",
					"@executable_path/Frameworks",
				);
				PRODUCT_BUNDLE_IDENTIFIER = "com.mozz.Data-Works";
				PRODUCT_NAME = "$(TARGET_NAME)";
				SWIFT_VERSION = 5.0;
				TARGETED_DEVICE_FAMILY = "1,2";
			};
			name = Release;
		};
/* End XCBuildConfiguration section */

/* Begin XCConfigurationList section */
		5913663A249D0B0B006DA401 /* Build configuration list for PBXProject "Data Works" */ = {
			isa = XCConfigurationList;
			buildConfigurations = (
				59136651249D0B15006DA401 /* Debug */,
				59136652249D0B15006DA401 /* Release */,
			);
			defaultConfigurationIsVisible = 0;
			defaultConfigurationName = Release;
		};
		59136653249D0B15006DA401 /* Build configuration list for PBXNativeTarget "Data Works" */ = {
			isa = XCConfigurationList;
			buildConfigurations = (
				59136654249D0B15006DA401 /* Debug */,
				59136655249D0B15006DA401 /* Release */,
			);
			defaultConfigurationIsVisible = 0;
			defaultConfigurationName = Release;
		};
/* End XCConfigurationList section */
	};
	rootObject = 59136637249D0B0B006DA401 /* Project object */;
}
